
Microsoft Visual Studio Solution File, Format Version 12.00
# Visual Studio Version 17
VisualStudioVersion = 17.1.32319.34
MinimumVisualStudioVersion = 10.0.40219.1
Project("{2150E333-8FDC-42A3-9474-1A3956D46DE8}") = "Services", "Services", "{AAF5546C-CD59-4A76-A227-389945B83162}"
EndProject
Project("{2150E333-8FDC-42A3-9474-1A3956D46DE8}") = "Transaction", "Transaction", "{298F8E12-4C91-40FA-BE43-AAEF0A0BD1AB}"
EndProject
Project("{9A19103F-16F7-4668-BE54-9A1E7A4F7556}") = "SCP.Transaction.API", "src\Transaction\SCP.Transaction.API\SCP.Transaction.API.csproj", "{73276FAC-1E67-4394-95BC-85788CA79F93}"
EndProject
Project("{9A19103F-16F7-4668-BE54-9A1E7A4F7556}") = "SCP.Transaction.Application", "src\Transaction\SCP.Transaction.Application\SCP.Transaction.Application.csproj", "{1F7B7780-F560-48E4-AC8F-203AEFC54967}"
EndProject
Project("{9A19103F-16F7-4668-BE54-9A1E7A4F7556}") = "SCP.Transaction.Domain", "src\Transaction\SCP.Transaction.Domain\SCP.Transaction.Domain.csproj", "{6EA26DDB-ECFC-4CF0-A7E0-757A6AF457B3}"
EndProject
Project("{9A19103F-16F7-4668-BE54-9A1E7A4F7556}") = "SCP.Transaction.Infrastructure", "src\Transaction\SCP.Transaction.Infrastructure\SCP.Transaction.Infrastructure.csproj", "{04A5AA00-0D5E-457E-B8B0-B20AF3CF43D8}"
EndProject
Project("{E53339B2-1760-4266-BCC7-CA923CBCF16C}") = "docker-compose", "docker-compose.dcproj", "{A1201000-F059-428A-A6D6-83B93F1462CF}"
EndProject
Project("{2150E333-8FDC-42A3-9474-1A3956D46DE8}") = "Solution Items", "Solution Items", "{6FD6EA54-244C-444F-8F9C-10431FD681FF}"
	ProjectSection(SolutionItems) = preProject
		.env.dev = .env.dev
		.env.docker = .env.docker
	EndProjectSection
EndProject
Project("{2150E333-8FDC-42A3-9474-1A3956D46DE8}") = "Common", "Common", "{A068712F-A1F2-454C-9AD6-4466DD4E5F54}"
EndProject
Project("{9A19103F-16F7-4668-BE54-9A1E7A4F7556}") = "SCP.Common", "src\Common\SCP.Common\SCP.Common.csproj", "{3C8762BE-2C76-441B-858D-F85AE7EF2663}"
EndProject
Project("{9A19103F-16F7-4668-BE54-9A1E7A4F7556}") = "SCP.MessageBus", "src\Common\SCP.MessageBus\SCP.MessageBus.csproj", "{9CF01C1B-1B1D-45D2-B003-19F1F68A11BE}"
EndProject
Project("{2150E333-8FDC-42A3-9474-1A3956D46DE8}") = "Session", "Session", "{19A893AA-4EC7-4B47-B69A-3F9EC135FA40}"
EndProject
Project("{9A19103F-16F7-4668-BE54-9A1E7A4F7556}") = "SCP.Session.Application", "src\Session\SCP.Session.Application\SCP.Session.Application.csproj", "{4C3B0611-A315-4444-BAB5-C3A6845A9522}"
EndProject
Project("{9A19103F-16F7-4668-BE54-9A1E7A4F7556}") = "SCP.Session.API", "src\Session\SCP.Session.API\SCP.Session.API.csproj", "{1628D180-3CDA-4130-B5EC-C8E7314F7901}"
EndProject
Project("{9A19103F-16F7-4668-BE54-9A1E7A4F7556}") = "SCP.Session.Domain", "src\Session\SCP.Session.Domain\SCP.Session.Domain.csproj", "{FC46DE22-80B4-4785-BA29-01EFCC660EFC}"
EndProject
Project("{2150E333-8FDC-42A3-9474-1A3956D46DE8}") = "Identity", "Identity", "{E671BA88-AD90-40D8-B5F6-587FC3CA5F0C}"
EndProject
Project("{FAE04EC0-301F-11D3-BF4B-00C04F79EFBC}") = "Identity.API", "src\Identity\Identity.API\Identity.API.csproj", "{19FC2874-F2C2-4235-B95C-F0045494D051}"
EndProject
Global
	GlobalSection(SolutionConfigurationPlatforms) = preSolution
		Debug|Any CPU = Debug|Any CPU
		Release|Any CPU = Release|Any CPU
	EndGlobalSection
	GlobalSection(ProjectConfigurationPlatforms) = postSolution
		{73276FAC-1E67-4394-95BC-85788CA79F93}.Debug|Any CPU.ActiveCfg = Debug|Any CPU
		{73276FAC-1E67-4394-95BC-85788CA79F93}.Debug|Any CPU.Build.0 = Debug|Any CPU
		{73276FAC-1E67-4394-95BC-85788CA79F93}.Release|Any CPU.ActiveCfg = Release|Any CPU
		{73276FAC-1E67-4394-95BC-85788CA79F93}.Release|Any CPU.Build.0 = Release|Any CPU
		{1F7B7780-F560-48E4-AC8F-203AEFC54967}.Debug|Any CPU.ActiveCfg = Debug|Any CPU
		{1F7B7780-F560-48E4-AC8F-203AEFC54967}.Debug|Any CPU.Build.0 = Debug|Any CPU
		{1F7B7780-F560-48E4-AC8F-203AEFC54967}.Release|Any CPU.ActiveCfg = Release|Any CPU
		{1F7B7780-F560-48E4-AC8F-203AEFC54967}.Release|Any CPU.Build.0 = Release|Any CPU
		{6EA26DDB-ECFC-4CF0-A7E0-757A6AF457B3}.Debug|Any CPU.ActiveCfg = Debug|Any CPU
		{6EA26DDB-ECFC-4CF0-A7E0-757A6AF457B3}.Debug|Any CPU.Build.0 = Debug|Any CPU
		{6EA26DDB-ECFC-4CF0-A7E0-757A6AF457B3}.Release|Any CPU.ActiveCfg = Release|Any CPU
		{6EA26DDB-ECFC-4CF0-A7E0-757A6AF457B3}.Release|Any CPU.Build.0 = Release|Any CPU
		{04A5AA00-0D5E-457E-B8B0-B20AF3CF43D8}.Debug|Any CPU.ActiveCfg = Debug|Any CPU
		{04A5AA00-0D5E-457E-B8B0-B20AF3CF43D8}.Debug|Any CPU.Build.0 = Debug|Any CPU
		{04A5AA00-0D5E-457E-B8B0-B20AF3CF43D8}.Release|Any CPU.ActiveCfg = Release|Any CPU
		{04A5AA00-0D5E-457E-B8B0-B20AF3CF43D8}.Release|Any CPU.Build.0 = Release|Any CPU
		{A1201000-F059-428A-A6D6-83B93F1462CF}.Debug|Any CPU.ActiveCfg = Debug|Any CPU
		{A1201000-F059-428A-A6D6-83B93F1462CF}.Debug|Any CPU.Build.0 = Debug|Any CPU
		{A1201000-F059-428A-A6D6-83B93F1462CF}.Release|Any CPU.ActiveCfg = Release|Any CPU
		{A1201000-F059-428A-A6D6-83B93F1462CF}.Release|Any CPU.Build.0 = Release|Any CPU
		{3C8762BE-2C76-441B-858D-F85AE7EF2663}.Debug|Any CPU.ActiveCfg = Debug|Any CPU
		{3C8762BE-2C76-441B-858D-F85AE7EF2663}.Debug|Any CPU.Build.0 = Debug|Any CPU
		{3C8762BE-2C76-441B-858D-F85AE7EF2663}.Release|Any CPU.ActiveCfg = Release|Any CPU
		{3C8762BE-2C76-441B-858D-F85AE7EF2663}.Release|Any CPU.Build.0 = Release|Any CPU
		{9CF01C1B-1B1D-45D2-B003-19F1F68A11BE}.Debug|Any CPU.ActiveCfg = Debug|Any CPU
		{9CF01C1B-1B1D-45D2-B003-19F1F68A11BE}.Debug|Any CPU.Build.0 = Debug|Any CPU
		{9CF01C1B-1B1D-45D2-B003-19F1F68A11BE}.Release|Any CPU.ActiveCfg = Release|Any CPU
		{9CF01C1B-1B1D-45D2-B003-19F1F68A11BE}.Release|Any CPU.Build.0 = Release|Any CPU
		{4C3B0611-A315-4444-BAB5-C3A6845A9522}.Debug|Any CPU.ActiveCfg = Debug|Any CPU
		{4C3B0611-A315-4444-BAB5-C3A6845A9522}.Debug|Any CPU.Build.0 = Debug|Any CPU
		{4C3B0611-A315-4444-BAB5-C3A6845A9522}.Release|Any CPU.ActiveCfg = Release|Any CPU
		{4C3B0611-A315-4444-BAB5-C3A6845A9522}.Release|Any CPU.Build.0 = Release|Any CPU
		{1628D180-3CDA-4130-B5EC-C8E7314F7901}.Debug|Any CPU.ActiveCfg = Debug|Any CPU
		{1628D180-3CDA-4130-B5EC-C8E7314F7901}.Debug|Any CPU.Build.0 = Debug|Any CPU
		{1628D180-3CDA-4130-B5EC-C8E7314F7901}.Release|Any CPU.ActiveCfg = Release|Any CPU
		{1628D180-3CDA-4130-B5EC-C8E7314F7901}.Release|Any CPU.Build.0 = Release|Any CPU
		{FC46DE22-80B4-4785-BA29-01EFCC660EFC}.Debug|Any CPU.ActiveCfg = Debug|Any CPU
		{FC46DE22-80B4-4785-BA29-01EFCC660EFC}.Debug|Any CPU.Build.0 = Debug|Any CPU
		{FC46DE22-80B4-4785-BA29-01EFCC660EFC}.Release|Any CPU.ActiveCfg = Release|Any CPU
		{FC46DE22-80B4-4785-BA29-01EFCC660EFC}.Release|Any CPU.Build.0 = Release|Any CPU
		{19FC2874-F2C2-4235-B95C-F0045494D051}.Debug|Any CPU.ActiveCfg = Debug|Any CPU
		{19FC2874-F2C2-4235-B95C-F0045494D051}.Debug|Any CPU.Build.0 = Debug|Any CPU
		{19FC2874-F2C2-4235-B95C-F0045494D051}.Release|Any CPU.ActiveCfg = Release|Any CPU
		{19FC2874-F2C2-4235-B95C-F0045494D051}.Release|Any CPU.Build.0 = Release|Any CPU
	EndGlobalSection
	GlobalSection(SolutionProperties) = preSolution
		HideSolutionNode = FALSE
	EndGlobalSection
	GlobalSection(NestedProjects) = preSolution
		{298F8E12-4C91-40FA-BE43-AAEF0A0BD1AB} = {AAF5546C-CD59-4A76-A227-389945B83162}
		{73276FAC-1E67-4394-95BC-85788CA79F93} = {298F8E12-4C91-40FA-BE43-AAEF0A0BD1AB}
		{1F7B7780-F560-48E4-AC8F-203AEFC54967} = {298F8E12-4C91-40FA-BE43-AAEF0A0BD1AB}
		{6EA26DDB-ECFC-4CF0-A7E0-757A6AF457B3} = {298F8E12-4C91-40FA-BE43-AAEF0A0BD1AB}
		{04A5AA00-0D5E-457E-B8B0-B20AF3CF43D8} = {298F8E12-4C91-40FA-BE43-AAEF0A0BD1AB}
		{3C8762BE-2C76-441B-858D-F85AE7EF2663} = {A068712F-A1F2-454C-9AD6-4466DD4E5F54}
		{9CF01C1B-1B1D-45D2-B003-19F1F68A11BE} = {A068712F-A1F2-454C-9AD6-4466DD4E5F54}
		{19A893AA-4EC7-4B47-B69A-3F9EC135FA40} = {AAF5546C-CD59-4A76-A227-389945B83162}
		{4C3B0611-A315-4444-BAB5-C3A6845A9522} = {19A893AA-4EC7-4B47-B69A-3F9EC135FA40}
		{1628D180-3CDA-4130-B5EC-C8E7314F7901} = {19A893AA-4EC7-4B47-B69A-3F9EC135FA40}
		{FC46DE22-80B4-4785-BA29-01EFCC660EFC} = {19A893AA-4EC7-4B47-B69A-3F9EC135FA40}
		{19FC2874-F2C2-4235-B95C-F0045494D051} = {E671BA88-AD90-40D8-B5F6-587FC3CA5F0C}
	EndGlobalSection
	GlobalSection(ExtensibilityGlobals) = postSolution
		SolutionGuid = {77F58FEF-11D4-4853-B9B6-99A1A146F108}
	EndGlobalSection
EndGlobal
